# THIS IS AN AUTOGENERATED FILE. DO NOT EDIT THIS FILE DIRECTLY.
# yarn lockfile v1


ooi@^0.1.52:
  version "0.1.52"
  resolved "https://registry.npmjs.org/ooi/-/ooi-0.1.52.tgz#5033960de303bdb570c3cbee12779ee20d7e70b1"
  integrity sha512-/6AAk+N8TcC3IpJId1BKgCznC8WtEG36lNvSnZyxd5FC7qtxKptfSXk2ogOkY44LN4t3J7/cvdbYiulXqe7tCQ==
